{
  "name": "sejsbook",
  "version": "0.0.1",
  "lockfileVersion": 1,
  "requires": true,
  "dependencies": {
    "algebrite": {
      "version": "0.2.23",
      "resolved": "https://registry.npmjs.org/algebrite/-/algebrite-0.2.23.tgz",
      "integrity": "sha1-4EkNfG6n3bDcRvyY0QJkFd/i2FM=",
      "requires": {
        "big-integer": "^1.6.15"
      }
    },
    "big-integer": {
      "version": "1.6.44",
      "resolved": "https://registry.npmjs.org/big-integer/-/big-integer-1.6.44.tgz",
      "integrity": "sha512-7MzElZPTyJ2fNvBkPxtFQ2fWIkVmuzw41+BZHSzpEq3ymB2MfeKp1+yXl/tS75xCx+WnyV+yb0kp+K1C3UNwmQ=="
    },
    "bipartite-matching": {
      "version": "1.0.0",
      "resolved": "https://registry.npmjs.org/bipartite-matching/-/bipartite-matching-1.0.0.tgz",
      "integrity": "sha1-8+DtYULu9G8qzD6sk+6PpB6bJ0I=",
      "requires": {
        "typedarray-pool": "^1.0.0"
      }
    },
    "bit-twiddle": {
      "version": "1.0.2",
      "resolved": "https://registry.npmjs.org/bit-twiddle/-/bit-twiddle-1.0.2.tgz",
      "integrity": "sha1-DGwfq+KyPRcXPZpht7cJPrnhdp4="
    },
    "dup": {
      "version": "1.0.0",
      "resolved": "https://registry.npmjs.org/dup/-/dup-1.0.0.tgz",
      "integrity": "sha1-UfxaxoX4GWRp3wuQXpNLIK9bQCk="
    },
    "graph-theory-ford-fulkerson": {
      "version": "1.0.0",
      "resolved": "https://registry.npmjs.org/graph-theory-ford-fulkerson/-/graph-theory-ford-fulkerson-1.0.0.tgz",
      "integrity": "sha1-LDHSHXDxp9KCiZX+BnZFdv9/nik="
    },
    "j6": {
      "version": "1.0.2",
      "resolved": "https://registry.npmjs.org/j6/-/j6-1.0.2.tgz",
      "integrity": "sha1-SAiKyxxm9hC68uULQCjQky817Yk=",
      "requires": {
        "algebrite": "^0.2.23",
        "jStat": "^1.5.2",
        "lodash": "^4.16.4",
        "numeric": "^1.2.6"
      },
      "dependencies": {
        "lodash": {
          "version": "4.17.15",
          "resolved": "https://registry.npmjs.org/lodash/-/lodash-4.17.15.tgz",
          "integrity": "sha512-8xOcRHvCjnocdS5cpwXQXVzmmh5e5+saE2QGoeQmbKmRS6J3VQppPOIt0MnmE+4xlZoumy0GPG0D0MVIQbNA1A=="
        }
      }
    },
    "jStat": {
      "version": "1.8.5",
      "resolved": "https://registry.npmjs.org/jStat/-/jStat-1.8.5.tgz",
      "integrity": "sha512-9lxw5LvhhQz3D3XQM3BRB6p2PomZnmocu3OoQf5mOtn4xSVLgdCPFPN+MmoRQBkNFnHenbfQEhzKNg9nPWrfYQ=="
    },
    "lodash": {
      "version": "4.17.15",
      "resolved": "https://registry.npmjs.org/lodash/-/lodash-4.17.15.tgz",
      "integrity": "sha512-8xOcRHvCjnocdS5cpwXQXVzmmh5e5+saE2QGoeQmbKmRS6J3VQppPOIt0MnmE+4xlZoumy0GPG0D0MVIQbNA1A=="
    },
    "numeric": {
      "version": "1.2.6",
      "resolved": "https://registry.npmjs.org/numeric/-/numeric-1.2.6.tgz",
      "integrity": "sha1-dlsCvvl5iPz4gNTrPza4D6MTNao="
    },
    "typedarray-pool": {
      "version": "1.1.0",
      "resolved": "https://registry.npmjs.org/typedarray-pool/-/typedarray-pool-1.1.0.tgz",
      "integrity": "sha1-0RT0hIAUifU+yrXoCIqiMET0mNk=",
      "requires": {
        "bit-twiddle": "^1.0.0",
        "dup": "^1.0.0"
      }
    },
    "yasmij": {
      "version": "0.2.6",
      "resolved": "https://registry.npmjs.org/yasmij/-/yasmij-0.2.6.tgz",
      "integrity": "sha1-alJgIo/pJgdjmMJvP0dnmBk4bkY="
    }
  }
}
